
Microsoft Visual Studio Solution File, Format Version 12.00
# Visual Studio 15
VisualStudioVersion = 15.0.27130.2010
MinimumVisualStudioVersion = 10.0.40219.1
Project("{FAE04EC0-301F-11D3-BF4B-00C04F79EFBC}") = "KpdApps.Common", "KpdApps.Common.csproj", "{828DCAD3-FCDC-4D59-A0F9-C75AD0E77877}"
EndProject
Project("{FAE04EC0-301F-11D3-BF4B-00C04F79EFBC}") = "KpdApps.CommonCore", "..\KpdApps.CommonCore\KpdApps.CommonCore.csproj", "{DD09D160-0B88-4D18-9222-C20223FF465D}"
EndProject
Global
	GlobalSection(SolutionConfigurationPlatforms) = preSolution
		Debug|Any CPU = Debug|Any CPU
		Release|Any CPU = Release|Any CPU
	EndGlobalSection
	GlobalSection(ProjectConfigurationPlatforms) = postSolution
		{828DCAD3-FCDC-4D59-A0F9-C75AD0E77877}.Debug|Any CPU.ActiveCfg = Debug|Any CPU
		{828DCAD3-FCDC-4D59-A0F9-C75AD0E77877}.Debug|Any CPU.Build.0 = Debug|Any CPU
		{828DCAD3-FCDC-4D59-A0F9-C75AD0E77877}.Release|Any CPU.ActiveCfg = Release|Any CPU
		{828DCAD3-FCDC-4D59-A0F9-C75AD0E77877}.Release|Any CPU.Build.0 = Release|Any CPU
		{DD09D160-0B88-4D18-9222-C20223FF465D}.Debug|Any CPU.ActiveCfg = Debug|Any CPU
		{DD09D160-0B88-4D18-9222-C20223FF465D}.Debug|Any CPU.Build.0 = Debug|Any CPU
		{DD09D160-0B88-4D18-9222-C20223FF465D}.Release|Any CPU.ActiveCfg = Release|Any CPU
		{DD09D160-0B88-4D18-9222-C20223FF465D}.Release|Any CPU.Build.0 = Release|Any CPU
	EndGlobalSection
	GlobalSection(SolutionProperties) = preSolution
		HideSolutionNode = FALSE
	EndGlobalSection
	GlobalSection(ExtensibilityGlobals) = postSolution
		SolutionGuid = {CB7E53DB-188A-4722-A5A7-F86BFF830240}
	EndGlobalSection
EndGlobal
